
Microsoft Visual Studio Solution File, Format Version 12.00
# Visual Studio Version 17
VisualStudioVersion = 17.1.32407.343
MinimumVisualStudioVersion = 10.0.40219.1
Project("{FAE04EC0-301F-11D3-BF4B-00C04F79EFBC}") = "ObjectReferencing", "ObjectReferencing\ObjectReferencing.csproj", "{55A6F44E-7D8E-456E-9F66-AAEF5DF21CF7}"
EndProject
Global
	GlobalSection(SolutionConfigurationPlatforms) = preSolution
		Debug|Any CPU = Debug|Any CPU
		Release|Any CPU = Release|Any CPU
	EndGlobalSection
	GlobalSection(ProjectConfigurationPlatforms) = postSolution
		{55A6F44E-7D8E-456E-9F66-AAEF5DF21CF7}.Debug|Any CPU.ActiveCfg = Debug|Any CPU
		{55A6F44E-7D8E-456E-9F66-AAEF5DF21CF7}.Debug|Any CPU.Build.0 = Debug|Any CPU
		{55A6F44E-7D8E-456E-9F66-AAEF5DF21CF7}.Release|Any CPU.ActiveCfg = Release|Any CPU
		{55A6F44E-7D8E-456E-9F66-AAEF5DF21CF7}.Release|Any CPU.Build.0 = Release|Any CPU
	EndGlobalSection
	GlobalSection(SolutionProperties) = preSolution
		HideSolutionNode = FALSE
	EndGlobalSection
	GlobalSection(ExtensibilityGlobals) = postSolution
		SolutionGuid = {77430642-9D22-401D-A34D-266CA6F79E37}
	EndGlobalSection
EndGlobal
